Microsoft Visual Studio Solution File, Format Version 12.00
# Visual Studio Version 17
VisualStudioVersion = 17.5.2.0
MinimumVisualStudioVersion = 10.0.40219.1
Project("{FAE04EC0-301F-11D3-BF4B-00C04F79EFBC}") = "GraphAndFiles", "GraphAndFiles.csproj", "{CFE18458-10A1-4D42-5627-7D7AD9ADD6F4}"
EndProject
Global
	GlobalSection(SolutionConfigurationPlatforms) = preSolution
		Debug|Any CPU = Debug|Any CPU
		Release|Any CPU = Release|Any CPU
	EndGlobalSection
	GlobalSection(ProjectConfigurationPlatforms) = postSolution
		{CFE18458-10A1-4D42-5627-7D7AD9ADD6F4}.Debug|Any CPU.ActiveCfg = Debug|Any CPU
		{CFE18458-10A1-4D42-5627-7D7AD9ADD6F4}.Debug|Any CPU.Build.0 = Debug|Any CPU
		{CFE18458-10A1-4D42-5627-7D7AD9ADD6F4}.Release|Any CPU.ActiveCfg = Release|Any CPU
		{CFE18458-10A1-4D42-5627-7D7AD9ADD6F4}.Release|Any CPU.Build.0 = Release|Any CPU
	EndGlobalSection
	GlobalSection(SolutionProperties) = preSolution
		HideSolutionNode = FALSE
	EndGlobalSection
	GlobalSection(ExtensibilityGlobals) = postSolution
		SolutionGuid = {002DAA94-980A-4B09-BB47-7A93119E2726}
	EndGlobalSection
EndGlobal
